# This file is automatically @generated by Cargo.
# It is not intended for manual editing.
[[package]]
name = "log"
version = "0.1.0"
dependencies = [
 "suborbital",
]

[[package]]
name = "suborbital"
version = "0.5.0"
dependencies = [
 "serde",
 "serde_json",
 "simple-error",
]

[[package]]
name = "syn"
version = "1.0.53"
source = "registry+https://github.com/rust-lang/crates.io-index"
checksum = "8833e20724c24de12bbaba5ad230ea61c3eafb05b881c7c9d3cfe8638b187e68"
dependencies = [
 "proc-macro2",
 "quote",
 "unicode-xid",
]

[[package]]
name = "unicode-xid"
version = "0.2.1"
source = "registry+https://github.com/rust-lang/crates.io-index"
checksum = "f7fe0bb3479651439c9112f72b6c505038574c9fbb575ed1bf3b797fa39dd564"
